
Microsoft Visual Studio Solution File, Format Version 12.00
# Visual Studio Version 17
VisualStudioVersion = 17.10.35013.160
MinimumVisualStudioVersion = 10.0.40219.1
Project("{FAE04EC0-301F-11D3-BF4B-00C04F79EFBC}") = "MVCActionResults", "MVCActionResults\MVCActionResults.csproj", "{F3941A60-0F1E-458E-9F49-7FDA9B084F44}"
EndProject
Global
	GlobalSection(SolutionConfigurationPlatforms) = preSolution
		Debug|Any CPU = Debug|Any CPU
		Release|Any CPU = Release|Any CPU
	EndGlobalSection
	GlobalSection(ProjectConfigurationPlatforms) = postSolution
		{F3941A60-0F1E-458E-9F49-7FDA9B084F44}.Debug|Any CPU.ActiveCfg = Debug|Any CPU
		{F3941A60-0F1E-458E-9F49-7FDA9B084F44}.Debug|Any CPU.Build.0 = Debug|Any CPU
		{F3941A60-0F1E-458E-9F49-7FDA9B084F44}.Release|Any CPU.ActiveCfg = Release|Any CPU
		{F3941A60-0F1E-458E-9F49-7FDA9B084F44}.Release|Any CPU.Build.0 = Release|Any CPU
	EndGlobalSection
	GlobalSection(SolutionProperties) = preSolution
		HideSolutionNode = FALSE
	EndGlobalSection
	GlobalSection(ExtensibilityGlobals) = postSolution
		SolutionGuid = {22C20DEA-7B77-4D57-B295-2270FE01C5D8}
	EndGlobalSection
EndGlobal
